
Microsoft Visual Studio Solution File, Format Version 12.00
# Visual Studio Version 17
VisualStudioVersion = 17.13.35919.96
MinimumVisualStudioVersion = 10.0.40219.1
Project("{FAE04EC0-301F-11D3-BF4B-00C04F79EFBC}") = "OllamaClient", "OllamaClient.csproj", "{8D315A2A-59CD-1F7C-288F-EA0FE8ACD9CC}"
EndProject
Project("{FAE04EC0-301F-11D3-BF4B-00C04F79EFBC}") = "OllamaClientBlazorApp", "OllamaClientBlazorApp\OllamaClientBlazorApp.csproj", "{A1D23005-B5C1-4B9E-98FB-7EB0E1A11EDC}"
EndProject
Global
	GlobalSection(SolutionConfigurationPlatforms) = preSolution
		Debug|Any CPU = Debug|Any CPU
		Release|Any CPU = Release|Any CPU
	EndGlobalSection
	GlobalSection(ProjectConfigurationPlatforms) = postSolution
		{8D315A2A-59CD-1F7C-288F-EA0FE8ACD9CC}.Debug|Any CPU.ActiveCfg = Debug|Any CPU
		{8D315A2A-59CD-1F7C-288F-EA0FE8ACD9CC}.Debug|Any CPU.Build.0 = Debug|Any CPU
		{8D315A2A-59CD-1F7C-288F-EA0FE8ACD9CC}.Release|Any CPU.ActiveCfg = Release|Any CPU
		{8D315A2A-59CD-1F7C-288F-EA0FE8ACD9CC}.Release|Any CPU.Build.0 = Release|Any CPU
		{A1D23005-B5C1-4B9E-98FB-7EB0E1A11EDC}.Debug|Any CPU.ActiveCfg = Debug|Any CPU
		{A1D23005-B5C1-4B9E-98FB-7EB0E1A11EDC}.Debug|Any CPU.Build.0 = Debug|Any CPU
		{A1D23005-B5C1-4B9E-98FB-7EB0E1A11EDC}.Release|Any CPU.ActiveCfg = Release|Any CPU
		{A1D23005-B5C1-4B9E-98FB-7EB0E1A11EDC}.Release|Any CPU.Build.0 = Release|Any CPU
	EndGlobalSection
	GlobalSection(SolutionProperties) = preSolution
		HideSolutionNode = FALSE
	EndGlobalSection
	GlobalSection(ExtensibilityGlobals) = postSolution
		SolutionGuid = {95EFDD53-9406-4B31-AC30-7A1B7BA1FEF9}
	EndGlobalSection
EndGlobal
